// !$*UTF8*$!
{
	archiveVersion = 1;
	classes = {
	};
	objectVersion = 77;
	objects = {

/* Begin PBXBuildFile section */
		0C27F25CD59972E2A8C7B899 /* Theme.swift in Sources */ = {isa = PBXBuildFile; fileRef = CCE0D191152DB384C9C01F26 /* Theme.swift */; };
		13574D43A8F42A458A42353B /* SudokuEngine in Frameworks */ = {isa = PBXBuildFile; productRef = 8EC595EFBBD29D3088575716 /* SudokuEngine */; };
		B3DB981CA679A2D7A92DE3D0 /* SudokuEngine in Frameworks */ = {isa = PBXBuildFile; productRef = 307D8DC4C6BBE0C4EBD5E48B /* SudokuEngine */; };
		B5018CD322CAFD376EC1D12E /* GameViewModel.swift in Sources */ = {isa = PBXBuildFile; fileRef = 59A50433EEA16D313927A89F /* GameViewModel.swift */; };
		C3C0BA060841EC02AC402961 /* GameViewModelTests.swift in Sources */ = {isa = PBXBuildFile; fileRef = 720CC59452DBD42D3DBEAEED /* GameViewModelTests.swift */; };
		C57853475E295C1DACCF1AB1 /* Assets.xcassets in Resources */ = {isa = PBXBuildFile; fileRef = 93E5C43ACB6CC361A80A4E15 /* Assets.xcassets */; };
		DDEA01EC5406411E1C8F21B0 /* BoardView.swift in Sources */ = {isa = PBXBuildFile; fileRef = 66DECA0E8FA66A770634DCD3 /* BoardView.swift */; };
		DF003DCF4A7F4F12242A383F /* CellView.swift in Sources */ = {isa = PBXBuildFile; fileRef = E196930A662BB927DF43DEBD /* CellView.swift */; };
		EE562A7D686294392F861DE7 /* SudokuAppApp.swift in Sources */ = {isa = PBXBuildFile; fileRef = 0C5AE3486BEFFC30C42142C3 /* SudokuAppApp.swift */; };
/* End PBXBuildFile section */

/* Begin PBXContainerItemProxy section */
		98B454DB424E92D1EFFDBDAE /* PBXContainerItemProxy */ = {
			isa = PBXContainerItemProxy;
			containerPortal = 495116D50AD2C081B9792775 /* Project object */;
			proxyType = 1;
			remoteGlobalIDString = 769847B9C4D032C01A4ED272;
			remoteInfo = SudokuApp;
		};
/* End PBXContainerItemProxy section */

/* Begin PBXFileReference section */
		0C5AE3486BEFFC30C42142C3 /* SudokuAppApp.swift */ = {isa = PBXFileReference; lastKnownFileType = sourcecode.swift; path = SudokuAppApp.swift; sourceTree = "<group>"; };
		273079D6403BD86696471034 /* SudokuApp.app */ = {isa = PBXFileReference; includeInIndex = 0; lastKnownFileType = wrapper.application; path = SudokuApp.app; sourceTree = BUILT_PRODUCTS_DIR; };
		4225C0F125A108106196A59C /* Info.plist */ = {isa = PBXFileReference; lastKnownFileType = text.plist; path = Info.plist; sourceTree = "<group>"; };
		59A50433EEA16D313927A89F /* GameViewModel.swift */ = {isa = PBXFileReference; lastKnownFileType = sourcecode.swift; path = GameViewModel.swift; sourceTree = "<group>"; };
		66DECA0E8FA66A770634DCD3 /* BoardView.swift */ = {isa = PBXFileReference; lastKnownFileType = sourcecode.swift; path = BoardView.swift; sourceTree = "<group>"; };
		6F3686CFF4F42C9B86B44514 /* SudokuAppTests.xctest */ = {isa = PBXFileReference; includeInIndex = 0; lastKnownFileType = wrapper.cfbundle; path = SudokuAppTests.xctest; sourceTree = BUILT_PRODUCTS_DIR; };
		720CC59452DBD42D3DBEAEED /* GameViewModelTests.swift */ = {isa = PBXFileReference; lastKnownFileType = sourcecode.swift; path = GameViewModelTests.swift; sourceTree = "<group>"; };
		93E5C43ACB6CC361A80A4E15 /* Assets.xcassets */ = {isa = PBXFileReference; lastKnownFileType = folder.assetcatalog; path = Assets.xcassets; sourceTree = "<group>"; };
		B7C9BA645F3BBEB5E82B1C4B /* SudokuEngine */ = {isa = PBXFileReference; lastKnownFileType = folder; name = SudokuEngine; path = SudokuEngine; sourceTree = SOURCE_ROOT; };
		CCE0D191152DB384C9C01F26 /* Theme.swift */ = {isa = PBXFileReference; lastKnownFileType = sourcecode.swift; path = Theme.swift; sourceTree = "<group>"; };
		E196930A662BB927DF43DEBD /* CellView.swift */ = {isa = PBXFileReference; lastKnownFileType = sourcecode.swift; path = CellView.swift; sourceTree = "<group>"; };
/* End PBXFileReference section */

/* Begin PBXFrameworksBuildPhase section */
		0F6717BBD2B8AD5BC8DCA187 /* Frameworks */ = {
			isa = PBXFrameworksBuildPhase;
			buildActionMask = 2147483647;
			files = (
				13574D43A8F42A458A42353B /* SudokuEngine in Frameworks */,
			);
			runOnlyForDeploymentPostprocessing = 0;
		};
		FE29C244AA0C61E5F544E941 /* Frameworks */ = {
			isa = PBXFrameworksBuildPhase;
			buildActionMask = 2147483647;
			files = (
				B3DB981CA679A2D7A92DE3D0 /* SudokuEngine in Frameworks */,
			);
			runOnlyForDeploymentPostprocessing = 0;
		};
/* End PBXFrameworksBuildPhase section */

/* Begin PBXGroup section */
		080D85B506D32F0BF8F20C3B /* SudokuApp */ = {
			isa = PBXGroup;
			children = (
				4225C0F125A108106196A59C /* Info.plist */,
				C1ECBB26C6B739FEFF13C495 /* App */,
				58D6DF53BE99A4C3B1EAA272 /* Design */,
				791D73F27560227538CAB3A7 /* Model */,
				6545DF4FFD091D11330ACB00 /* Resources */,
				C2834F5DD880AB8EE253A1C3 /* Views */,
			);
			path = SudokuApp;
			sourceTree = "<group>";
		};
		43BBB8530DECFC53489C330E /* Products */ = {
			isa = PBXGroup;
			children = (
				273079D6403BD86696471034 /* SudokuApp.app */,
				6F3686CFF4F42C9B86B44514 /* SudokuAppTests.xctest */,
			);
			name = Products;
			sourceTree = "<group>";
		};
		58D6DF53BE99A4C3B1EAA272 /* Design */ = {
			isa = PBXGroup;
			children = (
				CCE0D191152DB384C9C01F26 /* Theme.swift */,
			);
			path = Design;
			sourceTree = "<group>";
		};
		6545DF4FFD091D11330ACB00 /* Resources */ = {
			isa = PBXGroup;
			children = (
				93E5C43ACB6CC361A80A4E15 /* Assets.xcassets */,
			);
			path = Resources;
			sourceTree = "<group>";
		};
		791D73F27560227538CAB3A7 /* Model */ = {
			isa = PBXGroup;
			children = (
				59A50433EEA16D313927A89F /* GameViewModel.swift */,
			);
			path = Model;
			sourceTree = "<group>";
		};
		874CBA77911BFC13025B3E36 /* Packages */ = {
			isa = PBXGroup;
			children = (
				B7C9BA645F3BBEB5E82B1C4B /* SudokuEngine */,
			);
			name = Packages;
			sourceTree = "<group>";
		};
		A23BFF88645F875B5078E1F6 = {
			isa = PBXGroup;
			children = (
				874CBA77911BFC13025B3E36 /* Packages */,
				080D85B506D32F0BF8F20C3B /* SudokuApp */,
				D1FDA535911F53D32C27E247 /* SudokuAppTests */,
				43BBB8530DECFC53489C330E /* Products */,
			);
			sourceTree = "<group>";
		};
		C1ECBB26C6B739FEFF13C495 /* App */ = {
			isa = PBXGroup;
			children = (
				0C5AE3486BEFFC30C42142C3 /* SudokuAppApp.swift */,
			);
			path = App;
			sourceTree = "<group>";
		};
		C2834F5DD880AB8EE253A1C3 /* Views */ = {
			isa = PBXGroup;
			children = (
				66DECA0E8FA66A770634DCD3 /* BoardView.swift */,
				E196930A662BB927DF43DEBD /* CellView.swift */,
			);
			path = Views;
			sourceTree = "<group>";
		};
		D1FDA535911F53D32C27E247 /* SudokuAppTests */ = {
			isa = PBXGroup;
			children = (
				720CC59452DBD42D3DBEAEED /* GameViewModelTests.swift */,
			);
			path = SudokuAppTests;
			sourceTree = "<group>";
		};
/* End PBXGroup section */

/* Begin PBXNativeTarget section */
		62090B72F8BB7CE6D4D42103 /* SudokuAppTests */ = {
			isa = PBXNativeTarget;
			buildConfigurationList = ACC42D04AB0E5E18423EB4FC /* Build configuration list for PBXNativeTarget "SudokuAppTests" */;
			buildPhases = (
				E90E49EDFF4A0F16CB3BDBA8 /* Sources */,
				0F6717BBD2B8AD5BC8DCA187 /* Frameworks */,
			);
			buildRules = (
			);
			dependencies = (
				D7BBB942736A819A564C0A96 /* PBXTargetDependency */,
			);
			name = SudokuAppTests;
			packageProductDependencies = (
				8EC595EFBBD29D3088575716 /* SudokuEngine */,
			);
			productName = SudokuAppTests;
			productReference = 6F3686CFF4F42C9B86B44514 /* SudokuAppTests.xctest */;
			productType = "com.apple.product-type.bundle.unit-test";
		};
		769847B9C4D032C01A4ED272 /* SudokuApp */ = {
			isa = PBXNativeTarget;
			buildConfigurationList = 3D3D9E02A2174E4E8BDE1758 /* Build configuration list for PBXNativeTarget "SudokuApp" */;
			buildPhases = (
				82D96412254990F08F568D57 /* Sources */,
				607B29395F6BA07FE253BE86 /* Resources */,
				FE29C244AA0C61E5F544E941 /* Frameworks */,
			);
			buildRules = (
			);
			dependencies = (
			);
			name = SudokuApp;
			packageProductDependencies = (
				307D8DC4C6BBE0C4EBD5E48B /* SudokuEngine */,
			);
			productName = SudokuApp;
			productReference = 273079D6403BD86696471034 /* SudokuApp.app */;
			productType = "com.apple.product-type.application";
		};
/* End PBXNativeTarget section */

/* Begin PBXProject section */
		495116D50AD2C081B9792775 /* Project object */ = {
			isa = PBXProject;
			attributes = {
				BuildIndependentTargetsInParallel = YES;
				LastUpgradeCheck = 1430;
				TargetAttributes = {
				};
			};
			buildConfigurationList = 520E5D020CFB06BD8786131F /* Build configuration list for PBXProject "SudokuApp" */;
			developmentRegion = en;
			hasScannedForEncodings = 0;
			knownRegions = (
				Base,
				en,
			);
			mainGroup = A23BFF88645F875B5078E1F6;
			minimizedProjectReferenceProxies = 1;
			packageReferences = (
				CCA214913AB9F57AA7455622 /* XCLocalSwiftPackageReference "SudokuEngine" */,
			);
			preferredProjectObjectVersion = 77;
			productRefGroup = 43BBB8530DECFC53489C330E /* Products */;
			projectDirPath = "";
			projectRoot = "";
			targets = (
				769847B9C4D032C01A4ED272 /* SudokuApp */,
				62090B72F8BB7CE6D4D42103 /* SudokuAppTests */,
			);
		};
/* End PBXProject section */

/* Begin PBXResourcesBuildPhase section */
		607B29395F6BA07FE253BE86 /* Resources */ = {
			isa = PBXResourcesBuildPhase;
			buildActionMask = 2147483647;
			files = (
				C57853475E295C1DACCF1AB1 /* Assets.xcassets in Resources */,
			);
			runOnlyForDeploymentPostprocessing = 0;
		};
/* End PBXResourcesBuildPhase section */

/* Begin PBXSourcesBuildPhase section */
		82D96412254990F08F568D57 /* Sources */ = {
			isa = PBXSourcesBuildPhase;
			buildActionMask = 2147483647;
			files = (
				DDEA01EC5406411E1C8F21B0 /* BoardView.swift in Sources */,
				DF003DCF4A7F4F12242A383F /* CellView.swift in Sources */,
				B5018CD322CAFD376EC1D12E /* GameViewModel.swift in Sources */,
				EE562A7D686294392F861DE7 /* SudokuAppApp.swift in Sources */,
				0C27F25CD59972E2A8C7B899 /* Theme.swift in Sources */,
			);
			runOnlyForDeploymentPostprocessing = 0;
		};
		E90E49EDFF4A0F16CB3BDBA8 /* Sources */ = {
			isa = PBXSourcesBuildPhase;
			buildActionMask = 2147483647;
			files = (
				C3C0BA060841EC02AC402961 /* GameViewModelTests.swift in Sources */,
			);
			runOnlyForDeploymentPostprocessing = 0;
		};
/* End PBXSourcesBuildPhase section */

/* Begin PBXTargetDependency section */
		D7BBB942736A819A564C0A96 /* PBXTargetDependency */ = {
			isa = PBXTargetDependency;
			target = 769847B9C4D032C01A4ED272 /* SudokuApp */;
			targetProxy = 98B454DB424E92D1EFFDBDAE /* PBXContainerItemProxy */;
		};
/* End PBXTargetDependency section */

/* Begin XCBuildConfiguration section */
		357BBFC92EB6EC8841B8F599 /* Debug */ = {
			isa = XCBuildConfiguration;
			buildSettings = {
				BUNDLE_LOADER = "$(TEST_HOST)";
				GENERATE_INFOPLIST_FILE = YES;
				LD_RUNPATH_SEARCH_PATHS = (
					"$(inherited)",
					"@executable_path/Frameworks",
					"@loader_path/Frameworks",
				);
				PRODUCT_BUNDLE_IDENTIFIER = com.kirazhub.sudoku.SudokuAppTests;
				SDKROOT = iphoneos;
				TARGETED_DEVICE_FAMILY = "1,2";
				TEST_HOST = "$(BUILT_PRODUCTS_DIR)/SudokuApp.app/SudokuApp";
			};
			name = Debug;
		};
		4638DC176A59359CE962BE10 /* Release */ = {
			isa = XCBuildConfiguration;
			buildSettings = {
				BUNDLE_LOADER = "$(TEST_HOST)";
				GENERATE_INFOPLIST_FILE = YES;
				LD_RUNPATH_SEARCH_PATHS = (
					"$(inherited)",
					"@executable_path/Frameworks",
					"@loader_path/Frameworks",
				);
				PRODUCT_BUNDLE_IDENTIFIER = com.kirazhub.sudoku.SudokuAppTests;
				SDKROOT = iphoneos;
				TARGETED_DEVICE_FAMILY = "1,2";
				TEST_HOST = "$(BUILT_PRODUCTS_DIR)/SudokuApp.app/SudokuApp";
			};
			name = Release;
		};
		79571711CC7A1BFB33E0A94A /* Release */ = {
			isa = XCBuildConfiguration;
			buildSettings = {
				ASSETCATALOG_COMPILER_APPICON_NAME = "";
				CODE_SIGN_IDENTITY = "iPhone Developer";
				GENERATE_INFOPLIST_FILE = NO;
				INFOPLIST_FILE = SudokuApp/Info.plist;
				LD_RUNPATH_SEARCH_PATHS = (
					"$(inherited)",
					"@executable_path/Frameworks",
				);
				PRODUCT_BUNDLE_IDENTIFIER = com.kirazhub.sudoku;
				SDKROOT = iphoneos;
				SWIFT_VERSION = 6.0;
				TARGETED_DEVICE_FAMILY = "1,2";
			};
			name = Release;
		};
		7D4C71249E0FE9F1CB09722A /* Debug */ = {
			isa = XCBuildConfiguration;
			buildSettings = {
				ASSETCATALOG_COMPILER_APPICON_NAME = "";
				CODE_SIGN_IDENTITY = "iPhone Developer";
				GENERATE_INFOPLIST_FILE = NO;
				INFOPLIST_FILE = SudokuApp/Info.plist;
				LD_RUNPATH_SEARCH_PATHS = (
					"$(inherited)",
					"@executable_path/Frameworks",
				);
				PRODUCT_BUNDLE_IDENTIFIER = com.kirazhub.sudoku;
				SDKROOT = iphoneos;
				SWIFT_VERSION = 6.0;
				TARGETED_DEVICE_FAMILY = "1,2";
			};
			name = Debug;
		};
		9F3DD4B683AFF71E1118A570 /* Debug */ = {
			isa = XCBuildConfiguration;
			buildSettings = {
				ALWAYS_SEARCH_USER_PATHS = NO;
				CLANG_ANALYZER_NONNULL = YES;
				CLANG_ANALYZER_NUMBER_OBJECT_CONVERSION = YES_AGGRESSIVE;
				CLANG_CXX_LANGUAGE_STANDARD = "gnu++14";
				CLANG_CXX_LIBRARY = "libc++";
				CLANG_ENABLE_MODULES = YES;
				CLANG_ENABLE_OBJC_ARC = YES;
				CLANG_ENABLE_OBJC_WEAK = YES;
				CLANG_WARN_BLOCK_CAPTURE_AUTORELEASING = YES;
				CLANG_WARN_BOOL_CONVERSION = YES;
				CLANG_WARN_COMMA = YES;
				CLANG_WARN_CONSTANT_CONVERSION = YES;
				CLANG_WARN_DEPRECATED_OBJC_IMPLEMENTATIONS = YES;
				CLANG_WARN_DIRECT_OBJC_ISA_USAGE = YES_ERROR;
				CLANG_WARN_DOCUMENTATION_COMMENTS = YES;
				CLANG_WARN_EMPTY_BODY = YES;
				CLANG_WARN_ENUM_CONVERSION = YES;
				CLANG_WARN_INFINITE_RECURSION = YES;
				CLANG_WARN_INT_CONVERSION = YES;
				CLANG_WARN_NON_LITERAL_NULL_CONVERSION = YES;
				CLANG_WARN_OBJC_IMPLICIT_RETAIN_SELF = YES;
				CLANG_WARN_OBJC_LITERAL_CONVERSION = YES;
				CLANG_WARN_OBJC_ROOT_CLASS = YES_ERROR;
				CLANG_WARN_QUOTED_INCLUDE_IN_FRAMEWORK_HEADER = YES;
				CLANG_WARN_RANGE_LOOP_ANALYSIS = YES;
				CLANG_WARN_STRICT_PROTOTYPES = YES;
				CLANG_WARN_SUSPICIOUS_MOVE = YES;
				CLANG_WARN_UNGUARDED_AVAILABILITY = YES_AGGRESSIVE;
				CLANG_WARN_UNREACHABLE_CODE = YES;
				CLANG_WARN__DUPLICATE_METHOD_MATCH = YES;
				COPY_PHASE_STRIP = NO;
				DEBUG_INFORMATION_FORMAT = dwarf;
				ENABLE_STRICT_OBJC_MSGSEND = YES;
				ENABLE_TESTABILITY = YES;
				GCC_C_LANGUAGE_STANDARD = gnu11;
				GCC_DYNAMIC_NO_PIC = NO;
				GCC_NO_COMMON_BLOCKS = YES;
				GCC_OPTIMIZATION_LEVEL = 0;
				GCC_PREPROCESSOR_DEFINITIONS = (
					"$(inherited)",
					"DEBUG=1",
				);
				GCC_WARN_64_TO_32_BIT_CONVERSION = YES;
				GCC_WARN_ABOUT_RETURN_TYPE = YES_ERROR;
				GCC_WARN_UNDECLARED_SELECTOR = YES;
				GCC_WARN_UNINITIALIZED_AUTOS = YES_AGGRESSIVE;
				GCC_WARN_UNUSED_FUNCTION = YES;
				GCC_WARN_UNUSED_VARIABLE = YES;
				IPHONEOS_DEPLOYMENT_TARGET = 17.0;
				MTL_ENABLE_DEBUG_INFO = INCLUDE_SOURCE;
				MTL_FAST_MATH = YES;
				ONLY_ACTIVE_ARCH = YES;
				PRODUCT_NAME = "$(TARGET_NAME)";
				SDKROOT = iphoneos;
				SWIFT_ACTIVE_COMPILATION_CONDITIONS = DEBUG;
				SWIFT_OPTIMIZATION_LEVEL = "-Onone";
				SWIFT_VERSION = 5.0;
			};
			name = Debug;
		};
		C95E837BBF4CB2EE7D4D12E4 /* Release */ = {
			isa = XCBuildConfiguration;
			buildSettings = {
				ALWAYS_SEARCH_USER_PATHS = NO;
				CLANG_ANALYZER_NONNULL = YES;
				CLANG_ANALYZER_NUMBER_OBJECT_CONVERSION = YES_AGGRESSIVE;
				CLANG_CXX_LANGUAGE_STANDARD = "gnu++14";
				CLANG_CXX_LIBRARY = "libc++";
				CLANG_ENABLE_MODULES = YES;
				CLANG_ENABLE_OBJC_ARC = YES;
				CLANG_ENABLE_OBJC_WEAK = YES;
				CLANG_WARN_BLOCK_CAPTURE_AUTORELEASING = YES;
				CLANG_WARN_BOOL_CONVERSION = YES;
				CLANG_WARN_COMMA = YES;
				CLANG_WARN_CONSTANT_CONVERSION = YES;
				CLANG_WARN_DEPRECATED_OBJC_IMPLEMENTATIONS = YES;
				CLANG_WARN_DIRECT_OBJC_ISA_USAGE = YES_ERROR;
				CLANG_WARN_DOCUMENTATION_COMMENTS = YES;
				CLANG_WARN_EMPTY_BODY = YES;
				CLANG_WARN_ENUM_CONVERSION = YES;
				CLANG_WARN_INFINITE_RECURSION = YES;
				CLANG_WARN_INT_CONVERSION = YES;
				CLANG_WARN_NON_LITERAL_NULL_CONVERSION = YES;
				CLANG_WARN_OBJC_IMPLICIT_RETAIN_SELF = YES;
				CLANG_WARN_OBJC_LITERAL_CONVERSION = YES;
				CLANG_WARN_OBJC_ROOT_CLASS = YES_ERROR;
				CLANG_WARN_QUOTED_INCLUDE_IN_FRAMEWORK_HEADER = YES;
				CLANG_WARN_RANGE_LOOP_ANALYSIS = YES;
				CLANG_WARN_STRICT_PROTOTYPES = YES;
				CLANG_WARN_SUSPICIOUS_MOVE = YES;
				CLANG_WARN_UNGUARDED_AVAILABILITY = YES_AGGRESSIVE;
				CLANG_WARN_UNREACHABLE_CODE = YES;
				CLANG_WARN__DUPLICATE_METHOD_MATCH = YES;
				COPY_PHASE_STRIP = NO;
				DEBUG_INFORMATION_FORMAT = "dwarf-with-dsym";
				ENABLE_NS_ASSERTIONS = NO;
				ENABLE_STRICT_OBJC_MSGSEND = YES;
				GCC_C_LANGUAGE_STANDARD = gnu11;
				GCC_NO_COMMON_BLOCKS = YES;
				GCC_WARN_64_TO_32_BIT_CONVERSION = YES;
				GCC_WARN_ABOUT_RETURN_TYPE = YES_ERROR;
				GCC_WARN_UNDECLARED_SELECTOR = YES;
				GCC_WARN_UNINITIALIZED_AUTOS = YES_AGGRESSIVE;
				GCC_WARN_UNUSED_FUNCTION = YES;
				GCC_WARN_UNUSED_VARIABLE = YES;
				IPHONEOS_DEPLOYMENT_TARGET = 17.0;
				MTL_ENABLE_DEBUG_INFO = NO;
				MTL_FAST_MATH = YES;
				PRODUCT_NAME = "$(TARGET_NAME)";
				SDKROOT = iphoneos;
				SWIFT_COMPILATION_MODE = wholemodule;
				SWIFT_OPTIMIZATION_LEVEL = "-O";
				SWIFT_VERSION = 5.0;
			};
			name = Release;
		};
/* End XCBuildConfiguration section */

/* Begin XCConfigurationList section */
		3D3D9E02A2174E4E8BDE1758 /* Build configuration list for PBXNativeTarget "SudokuApp" */ = {
			isa = XCConfigurationList;
			buildConfigurations = (
				7D4C71249E0FE9F1CB09722A /* Debug */,
				79571711CC7A1BFB33E0A94A /* Release */,
			);
			defaultConfigurationIsVisible = 0;
			defaultConfigurationName = Debug;
		};
		520E5D020CFB06BD8786131F /* Build configuration list for PBXProject "SudokuApp" */ = {
			isa = XCConfigurationList;
			buildConfigurations = (
				9F3DD4B683AFF71E1118A570 /* Debug */,
				C95E837BBF4CB2EE7D4D12E4 /* Release */,
			);
			defaultConfigurationIsVisible = 0;
			defaultConfigurationName = Debug;
		};
		ACC42D04AB0E5E18423EB4FC /* Build configuration list for PBXNativeTarget "SudokuAppTests" */ = {
			isa = XCConfigurationList;
			buildConfigurations = (
				357BBFC92EB6EC8841B8F599 /* Debug */,
				4638DC176A59359CE962BE10 /* Release */,
			);
			defaultConfigurationIsVisible = 0;
			defaultConfigurationName = Debug;
		};
/* End XCConfigurationList section */

/* Begin XCLocalSwiftPackageReference section */
		CCA214913AB9F57AA7455622 /* XCLocalSwiftPackageReference "SudokuEngine" */ = {
			isa = XCLocalSwiftPackageReference;
			relativePath = SudokuEngine;
		};
/* End XCLocalSwiftPackageReference section */

/* Begin XCSwiftPackageProductDependency section */
		307D8DC4C6BBE0C4EBD5E48B /* SudokuEngine */ = {
			isa = XCSwiftPackageProductDependency;
			productName = SudokuEngine;
		};
		8EC595EFBBD29D3088575716 /* SudokuEngine */ = {
			isa = XCSwiftPackageProductDependency;
			productName = SudokuEngine;
		};
/* End XCSwiftPackageProductDependency section */
	};
	rootObject = 495116D50AD2C081B9792775 /* Project object */;
}
